
Microsoft Visual Studio Solution File, Format Version 12.00
# Visual Studio 15
VisualStudioVersion = 15.0.26430.6
MinimumVisualStudioVersion = 10.0.40219.1
Project("{FAE04EC0-301F-11D3-BF4B-00C04F79EFBC}") = "CountryPicker.UWP", "CountryPicker.UWP\CountryPicker.UWP.csproj", "{AD228BDA-C95D-44FE-A12F-61C5C359AB5E}"
EndProject
Project("{FAE04EC0-301F-11D3-BF4B-00C04F79EFBC}") = "CountryPicker.Sample", "CountryPicker.Sample\CountryPicker.Sample.csproj", "{CBEFAC87-0965-4B21-913F-957A6473E93E}"
EndProject
Global
	GlobalSection(SolutionConfigurationPlatforms) = preSolution
		Debug|Any CPU = Debug|Any CPU
		Debug|ARM = Debug|ARM
		Debug|x64 = Debug|x64
		Debug|x86 = Debug|x86
		Release|Any CPU = Release|Any CPU
		Release|ARM = Release|ARM
		Release|x64 = Release|x64
		Release|x86 = Release|x86
	EndGlobalSection
	GlobalSection(ProjectConfigurationPlatforms) = postSolution
		{AD228BDA-C95D-44FE-A12F-61C5C359AB5E}.Debug|Any CPU.ActiveCfg = Debug|Any CPU
		{AD228BDA-C95D-44FE-A12F-61C5C359AB5E}.Debug|Any CPU.Build.0 = Debug|Any CPU
		{AD228BDA-C95D-44FE-A12F-61C5C359AB5E}.Debug|ARM.ActiveCfg = Debug|ARM
		{AD228BDA-C95D-44FE-A12F-61C5C359AB5E}.Debug|ARM.Build.0 = Debug|ARM
		{AD228BDA-C95D-44FE-A12F-61C5C359AB5E}.Debug|x64.ActiveCfg = Debug|x64
		{AD228BDA-C95D-44FE-A12F-61C5C359AB5E}.Debug|x64.Build.0 = Debug|x64
		{AD228BDA-C95D-44FE-A12F-61C5C359AB5E}.Debug|x86.ActiveCfg = Debug|x86
		{AD228BDA-C95D-44FE-A12F-61C5C359AB5E}.Debug|x86.Build.0 = Debug|x86
		{AD228BDA-C95D-44FE-A12F-61C5C359AB5E}.Release|Any CPU.ActiveCfg = Release|Any CPU
		{AD228BDA-C95D-44FE-A12F-61C5C359AB5E}.Release|Any CPU.Build.0 = Release|Any CPU
		{AD228BDA-C95D-44FE-A12F-61C5C359AB5E}.Release|ARM.ActiveCfg = Release|ARM
		{AD228BDA-C95D-44FE-A12F-61C5C359AB5E}.Release|ARM.Build.0 = Release|ARM
		{AD228BDA-C95D-44FE-A12F-61C5C359AB5E}.Release|x64.ActiveCfg = Release|x64
		{AD228BDA-C95D-44FE-A12F-61C5C359AB5E}.Release|x64.Build.0 = Release|x64
		{AD228BDA-C95D-44FE-A12F-61C5C359AB5E}.Release|x86.ActiveCfg = Release|x86
		{AD228BDA-C95D-44FE-A12F-61C5C359AB5E}.Release|x86.Build.0 = Release|x86
		{CBEFAC87-0965-4B21-913F-957A6473E93E}.Debug|Any CPU.ActiveCfg = Debug|x86
		{CBEFAC87-0965-4B21-913F-957A6473E93E}.Debug|ARM.ActiveCfg = Debug|ARM
		{CBEFAC87-0965-4B21-913F-957A6473E93E}.Debug|ARM.Build.0 = Debug|ARM
		{CBEFAC87-0965-4B21-913F-957A6473E93E}.Debug|ARM.Deploy.0 = Debug|ARM
		{CBEFAC87-0965-4B21-913F-957A6473E93E}.Debug|x64.ActiveCfg = Debug|x64
		{CBEFAC87-0965-4B21-913F-957A6473E93E}.Debug|x64.Build.0 = Debug|x64
		{CBEFAC87-0965-4B21-913F-957A6473E93E}.Debug|x64.Deploy.0 = Debug|x64
		{CBEFAC87-0965-4B21-913F-957A6473E93E}.Debug|x86.ActiveCfg = Debug|x86
		{CBEFAC87-0965-4B21-913F-957A6473E93E}.Debug|x86.Build.0 = Debug|x86
		{CBEFAC87-0965-4B21-913F-957A6473E93E}.Debug|x86.Deploy.0 = Debug|x86
		{CBEFAC87-0965-4B21-913F-957A6473E93E}.Release|Any CPU.ActiveCfg = Release|x86
		{CBEFAC87-0965-4B21-913F-957A6473E93E}.Release|ARM.ActiveCfg = Release|ARM
		{CBEFAC87-0965-4B21-913F-957A6473E93E}.Release|ARM.Build.0 = Release|ARM
		{CBEFAC87-0965-4B21-913F-957A6473E93E}.Release|ARM.Deploy.0 = Release|ARM
		{CBEFAC87-0965-4B21-913F-957A6473E93E}.Release|x64.ActiveCfg = Release|x64
		{CBEFAC87-0965-4B21-913F-957A6473E93E}.Release|x64.Build.0 = Release|x64
		{CBEFAC87-0965-4B21-913F-957A6473E93E}.Release|x64.Deploy.0 = Release|x64
		{CBEFAC87-0965-4B21-913F-957A6473E93E}.Release|x86.ActiveCfg = Release|x86
		{CBEFAC87-0965-4B21-913F-957A6473E93E}.Release|x86.Build.0 = Release|x86
		{CBEFAC87-0965-4B21-913F-957A6473E93E}.Release|x86.Deploy.0 = Release|x86
	EndGlobalSection
	GlobalSection(SolutionProperties) = preSolution
		HideSolutionNode = FALSE
	EndGlobalSection
EndGlobal
